Microsoft Visual Studio Solution File, Format Version 12.00
# Visual Studio Version 16
VisualStudioVersion = 16.0.30717.126
MinimumVisualStudioVersion = 10.0.40219.1
Project("{FAE04EC0-301F-11D3-BF4B-00C04F79EFBC}") = "CollectionViewDemo.Android", "CollectionViewDemo.Android\CollectionViewDemo.Android.csproj", "{5494519D-09A1-43AC-8BDA-D7FA65B1BFCE}"
EndProject
Project("{FAE04EC0-301F-11D3-BF4B-00C04F79EFBC}") = "CollectionViewDemo.iOS", "CollectionViewDemo.iOS\CollectionViewDemo.iOS.csproj", "{D691EDA5-3229-4FC2-8117-4713DC03F10F}"
EndProject
Project("{9A19103F-16F7-4668-BE54-9A1E7A4F7556}") = "CollectionViewDemo", "CollectionViewDemo\CollectionViewDemo.csproj", "{14EEF96E-83A2-42FB-9522-577BD68E649D}"
EndProject
Global
	GlobalSection(SolutionConfigurationPlatforms) = preSolution
		Debug|Any CPU = Debug|Any CPU
		Debug|iPhone = Debug|iPhone
		Debug|iPhoneSimulator = Debug|iPhoneSimulator
		Release|Any CPU = Release|Any CPU
		Release|iPhone = Release|iPhone
		Release|iPhoneSimulator = Release|iPhoneSimulator
	EndGlobalSection
	GlobalSection(ProjectConfigurationPlatforms) = postSolution
		{5494519D-09A1-43AC-8BDA-D7FA65B1BFCE}.Debug|Any CPU.ActiveCfg = Debug|Any CPU
		{5494519D-09A1-43AC-8BDA-D7FA65B1BFCE}.Debug|Any CPU.Build.0 = Debug|Any CPU
		{5494519D-09A1-43AC-8BDA-D7FA65B1BFCE}.Debug|Any CPU.Deploy.0 = Debug|Any CPU
		{5494519D-09A1-43AC-8BDA-D7FA65B1BFCE}.Debug|iPhone.ActiveCfg = Debug|Any CPU
		{5494519D-09A1-43AC-8BDA-D7FA65B1BFCE}.Debug|iPhone.Build.0 = Debug|Any CPU
		{5494519D-09A1-43AC-8BDA-D7FA65B1BFCE}.Debug|iPhoneSimulator.ActiveCfg = Debug|Any CPU
		{5494519D-09A1-43AC-8BDA-D7FA65B1BFCE}.Debug|iPhoneSimulator.Build.0 = Debug|Any CPU
		{5494519D-09A1-43AC-8BDA-D7FA65B1BFCE}.Release|Any CPU.ActiveCfg = Release|Any CPU
		{5494519D-09A1-43AC-8BDA-D7FA65B1BFCE}.Release|Any CPU.Build.0 = Release|Any CPU
		{5494519D-09A1-43AC-8BDA-D7FA65B1BFCE}.Release|iPhone.ActiveCfg = Release|Any CPU
		{5494519D-09A1-43AC-8BDA-D7FA65B1BFCE}.Release|iPhone.Build.0 = Release|Any CPU
		{5494519D-09A1-43AC-8BDA-D7FA65B1BFCE}.Release|iPhoneSimulator.ActiveCfg = Release|Any CPU
		{5494519D-09A1-43AC-8BDA-D7FA65B1BFCE}.Release|iPhoneSimulator.Build.0 = Release|Any CPU
		{D691EDA5-3229-4FC2-8117-4713DC03F10F}.Debug|Any CPU.ActiveCfg = Debug|iPhoneSimulator
		{D691EDA5-3229-4FC2-8117-4713DC03F10F}.Debug|Any CPU.Build.0 = Debug|iPhoneSimulator
		{D691EDA5-3229-4FC2-8117-4713DC03F10F}.Debug|iPhone.ActiveCfg = Debug|iPhone
		{D691EDA5-3229-4FC2-8117-4713DC03F10F}.Debug|iPhone.Build.0 = Debug|iPhone
		{D691EDA5-3229-4FC2-8117-4713DC03F10F}.Debug|iPhoneSimulator.ActiveCfg = Debug|iPhoneSimulator
		{D691EDA5-3229-4FC2-8117-4713DC03F10F}.Debug|iPhoneSimulator.Build.0 = Debug|iPhoneSimulator
		{D691EDA5-3229-4FC2-8117-4713DC03F10F}.Release|Any CPU.ActiveCfg = Release|iPhoneSimulator
		{D691EDA5-3229-4FC2-8117-4713DC03F10F}.Release|Any CPU.Build.0 = Release|iPhoneSimulator
		{D691EDA5-3229-4FC2-8117-4713DC03F10F}.Release|iPhone.ActiveCfg = Release|iPhone
		{D691EDA5-3229-4FC2-8117-4713DC03F10F}.Release|iPhone.Build.0 = Release|iPhone
		{D691EDA5-3229-4FC2-8117-4713DC03F10F}.Release|iPhoneSimulator.ActiveCfg = Release|iPhoneSimulator
		{D691EDA5-3229-4FC2-8117-4713DC03F10F}.Release|iPhoneSimulator.Build.0 = Release|iPhoneSimulator
		{14EEF96E-83A2-42FB-9522-577BD68E649D}.Debug|Any CPU.ActiveCfg = Debug|Any CPU
		{14EEF96E-83A2-42FB-9522-577BD68E649D}.Debug|Any CPU.Build.0 = Debug|Any CPU
		{14EEF96E-83A2-42FB-9522-577BD68E649D}.Debug|iPhone.ActiveCfg = Debug|Any CPU
		{14EEF96E-83A2-42FB-9522-577BD68E649D}.Debug|iPhone.Build.0 = Debug|Any CPU
		{14EEF96E-83A2-42FB-9522-577BD68E649D}.Debug|iPhoneSimulator.ActiveCfg = Debug|Any CPU
		{14EEF96E-83A2-42FB-9522-577BD68E649D}.Debug|iPhoneSimulator.Build.0 = Debug|Any CPU
		{14EEF96E-83A2-42FB-9522-577BD68E649D}.Release|Any CPU.ActiveCfg = Release|Any CPU
		{14EEF96E-83A2-42FB-9522-577BD68E649D}.Release|Any CPU.Build.0 = Release|Any CPU
		{14EEF96E-83A2-42FB-9522-577BD68E649D}.Release|iPhone.ActiveCfg = Release|Any CPU
		{14EEF96E-83A2-42FB-9522-577BD68E649D}.Release|iPhone.Build.0 = Release|Any CPU
		{14EEF96E-83A2-42FB-9522-577BD68E649D}.Release|iPhoneSimulator.ActiveCfg = Release|Any CPU
		{14EEF96E-83A2-42FB-9522-577BD68E649D}.Release|iPhoneSimulator.Build.0 = Release|Any CPU
	EndGlobalSection
	GlobalSection(SolutionProperties) = preSolution
		HideSolutionNode = FALSE
	EndGlobalSection
	GlobalSection(ExtensibilityGlobals) = postSolution
		SolutionGuid = {B64A1E81-F2BE-40B3-8642-D02EF9F448BD}
	EndGlobalSection
EndGlobal
